
Microsoft Visual Studio Solution File, Format Version 12.00
# Visual Studio Version 17
VisualStudioVersion = 17.4.33213.308
MinimumVisualStudioVersion = 10.0.40219.1
Project("{2150E333-8FDC-42A3-9474-1A3956D46DE8}") = "Services", "Services", "{5A430868-A55B-4EAD-A80A-FA030CE54C7E}"
EndProject
Project("{2150E333-8FDC-42A3-9474-1A3956D46DE8}") = "ApiGateway", "ApiGateway", "{FE61CC3C-38C6-4720-A01B-98F2530EF1AE}"
EndProject
Project("{2150E333-8FDC-42A3-9474-1A3956D46DE8}") = "AuthService", "AuthService", "{B38559D4-B6F6-460E-A581-7D5D8AD319D1}"
EndProject
Project("{2150E333-8FDC-42A3-9474-1A3956D46DE8}") = "ChatService", "ChatService", "{C9322B43-9D54-4B16-97F8-5E07F4B3B346}"
EndProject
Project("{FAE04EC0-301F-11D3-BF4B-00C04F79EFBC}") = "AuthService.Application", "AuthService.Application\AuthService.Application.csproj", "{59480A54-E096-42B6-A814-F494C6C50DF7}"
EndProject
Project("{FAE04EC0-301F-11D3-BF4B-00C04F79EFBC}") = "AuthService.Domain", "AuthService.Domain\AuthService.Domain.csproj", "{749A106C-BC12-4F8D-9932-420150DC8C10}"
EndProject
Project("{FAE04EC0-301F-11D3-BF4B-00C04F79EFBC}") = "AuthService.Infrastructure", "AuthService.Infrastructure\AuthService.Infrastructure.csproj", "{94C248A0-833C-4A29-A4AE-4E283F6C43E1}"
EndProject
Project("{FAE04EC0-301F-11D3-BF4B-00C04F79EFBC}") = "AuthService.API", "AuthService.API\AuthService.API.csproj", "{B4FB1DE6-D2CD-4752-AD48-AC48D1008119}"
EndProject
Project("{FAE04EC0-301F-11D3-BF4B-00C04F79EFBC}") = "ChatService.Application", "ChatService.Application\ChatService.Application.csproj", "{1BEC6999-5A6F-4441-AC2F-16D272B1C167}"
EndProject
Project("{FAE04EC0-301F-11D3-BF4B-00C04F79EFBC}") = "ChatService.Domain", "ChatService.Domain\ChatService.Domain.csproj", "{59651B06-CE27-411B-ABE3-725B4961FF23}"
EndProject
Project("{FAE04EC0-301F-11D3-BF4B-00C04F79EFBC}") = "ChatService.Infrastructure", "ChatService.Infrastructure\ChatService.Infrastructure.csproj", "{00F876E6-7543-41B8-BA27-6C735D62F313}"
EndProject
Project("{FAE04EC0-301F-11D3-BF4B-00C04F79EFBC}") = "ChatService.API", "ChatService.API\ChatService.API.csproj", "{27BCFEF5-1D0C-4A53-91DC-10346B4F8C85}"
EndProject
Project("{2150E333-8FDC-42A3-9474-1A3956D46DE8}") = "CatalogService", "CatalogService", "{FDA47E74-BD56-4253-A796-11B34BA7A349}"
EndProject
Project("{2150E333-8FDC-42A3-9474-1A3956D46DE8}") = "UserService", "UserService", "{B8EB1C92-479E-47AA-9436-15F4E38CF092}"
EndProject
Project("{2150E333-8FDC-42A3-9474-1A3956D46DE8}") = "OrderingService", "OrderingService", "{ED6BAA0E-9BC6-4D4C-B1F6-935E0C1E7943}"
EndProject
Project("{FAE04EC0-301F-11D3-BF4B-00C04F79EFBC}") = "CatalogService.Application", "CalatogService.Application\CatalogService.Application.csproj", "{C4225A13-287F-405A-B629-6A4A8E65EEDB}"
EndProject
Project("{FAE04EC0-301F-11D3-BF4B-00C04F79EFBC}") = "CatalogService.Domain", "CatalogService.Domain\CatalogService.Domain.csproj", "{A7DA234F-6F09-49C5-B645-E4EF4E8F5D6C}"
EndProject
Project("{FAE04EC0-301F-11D3-BF4B-00C04F79EFBC}") = "CatalogService.Infrastructure", "CatalogService.Infrastructure\CatalogService.Infrastructure.csproj", "{BC186B02-A846-4CFD-9229-7CD86BDC03DF}"
EndProject
Project("{FAE04EC0-301F-11D3-BF4B-00C04F79EFBC}") = "CatalogService.API", "CatalogService.API\CatalogService.API.csproj", "{DE3A7A02-E3E7-4161-A79B-4187B782D98B}"
EndProject
Project("{FAE04EC0-301F-11D3-BF4B-00C04F79EFBC}") = "OrderingService.Application", "OrderingService.Application\OrderingService.Application.csproj", "{2E318661-6900-450A-B4E7-B56407007A27}"
EndProject
Project("{FAE04EC0-301F-11D3-BF4B-00C04F79EFBC}") = "OrderingService.Domain", "OrderingService.Domain\OrderingService.Domain.csproj", "{5410A133-81C0-474D-9D1F-77CCFCBB9F19}"
EndProject
Project("{FAE04EC0-301F-11D3-BF4B-00C04F79EFBC}") = "OrderingService.Infrastucture", "OrderingService.Infrastucture\OrderingService.Infrastucture.csproj", "{BA0DE861-0F58-40EB-A945-CB945CB86593}"
EndProject
Project("{FAE04EC0-301F-11D3-BF4B-00C04F79EFBC}") = "OrderingService.API", "OrderingService.API\OrderingService.API.csproj", "{E8EB9BF6-87E9-4192-87ED-D9205EB845DA}"
EndProject
Project("{FAE04EC0-301F-11D3-BF4B-00C04F79EFBC}") = "UserService.Application", "UserService.Application\UserService.Application.csproj", "{44E57330-DD7D-40AF-AA11-F52C79372BD1}"
EndProject
Project("{FAE04EC0-301F-11D3-BF4B-00C04F79EFBC}") = "UserService.Domain", "UserService.Domain\UserService.Domain.csproj", "{7C8268B1-3683-476F-8700-87F516BCD0F6}"
EndProject
Project("{FAE04EC0-301F-11D3-BF4B-00C04F79EFBC}") = "UserService.Infrastucture", "UserService.Infrastucture\UserService.Infrastucture.csproj", "{78EBD63D-1876-49A7-994C-B05D2B415DBC}"
EndProject
Project("{FAE04EC0-301F-11D3-BF4B-00C04F79EFBC}") = "UserService.API", "UserService.API\UserService.API.csproj", "{6127B12C-8E48-459E-B5FA-ABEFCC4F2E10}"
EndProject
Global
	GlobalSection(SolutionConfigurationPlatforms) = preSolution
		Debug|Any CPU = Debug|Any CPU
		Release|Any CPU = Release|Any CPU
	EndGlobalSection
	GlobalSection(ProjectConfigurationPlatforms) = postSolution
		{59480A54-E096-42B6-A814-F494C6C50DF7}.Debug|Any CPU.ActiveCfg = Debug|Any CPU
		{59480A54-E096-42B6-A814-F494C6C50DF7}.Debug|Any CPU.Build.0 = Debug|Any CPU
		{59480A54-E096-42B6-A814-F494C6C50DF7}.Release|Any CPU.ActiveCfg = Release|Any CPU
		{59480A54-E096-42B6-A814-F494C6C50DF7}.Release|Any CPU.Build.0 = Release|Any CPU
		{749A106C-BC12-4F8D-9932-420150DC8C10}.Debug|Any CPU.ActiveCfg = Debug|Any CPU
		{749A106C-BC12-4F8D-9932-420150DC8C10}.Debug|Any CPU.Build.0 = Debug|Any CPU
		{749A106C-BC12-4F8D-9932-420150DC8C10}.Release|Any CPU.ActiveCfg = Release|Any CPU
		{749A106C-BC12-4F8D-9932-420150DC8C10}.Release|Any CPU.Build.0 = Release|Any CPU
		{94C248A0-833C-4A29-A4AE-4E283F6C43E1}.Debug|Any CPU.ActiveCfg = Debug|Any CPU
		{94C248A0-833C-4A29-A4AE-4E283F6C43E1}.Debug|Any CPU.Build.0 = Debug|Any CPU
		{94C248A0-833C-4A29-A4AE-4E283F6C43E1}.Release|Any CPU.ActiveCfg = Release|Any CPU
		{94C248A0-833C-4A29-A4AE-4E283F6C43E1}.Release|Any CPU.Build.0 = Release|Any CPU
		{B4FB1DE6-D2CD-4752-AD48-AC48D1008119}.Debug|Any CPU.ActiveCfg = Debug|Any CPU
		{B4FB1DE6-D2CD-4752-AD48-AC48D1008119}.Debug|Any CPU.Build.0 = Debug|Any CPU
		{B4FB1DE6-D2CD-4752-AD48-AC48D1008119}.Release|Any CPU.ActiveCfg = Release|Any CPU
		{B4FB1DE6-D2CD-4752-AD48-AC48D1008119}.Release|Any CPU.Build.0 = Release|Any CPU
		{1BEC6999-5A6F-4441-AC2F-16D272B1C167}.Debug|Any CPU.ActiveCfg = Debug|Any CPU
		{1BEC6999-5A6F-4441-AC2F-16D272B1C167}.Debug|Any CPU.Build.0 = Debug|Any CPU
		{1BEC6999-5A6F-4441-AC2F-16D272B1C167}.Release|Any CPU.ActiveCfg = Release|Any CPU
		{1BEC6999-5A6F-4441-AC2F-16D272B1C167}.Release|Any CPU.Build.0 = Release|Any CPU
		{59651B06-CE27-411B-ABE3-725B4961FF23}.Debug|Any CPU.ActiveCfg = Debug|Any CPU
		{59651B06-CE27-411B-ABE3-725B4961FF23}.Debug|Any CPU.Build.0 = Debug|Any CPU
		{59651B06-CE27-411B-ABE3-725B4961FF23}.Release|Any CPU.ActiveCfg = Release|Any CPU
		{59651B06-CE27-411B-ABE3-725B4961FF23}.Release|Any CPU.Build.0 = Release|Any CPU
		{00F876E6-7543-41B8-BA27-6C735D62F313}.Debug|Any CPU.ActiveCfg = Debug|Any CPU
		{00F876E6-7543-41B8-BA27-6C735D62F313}.Debug|Any CPU.Build.0 = Debug|Any CPU
		{00F876E6-7543-41B8-BA27-6C735D62F313}.Release|Any CPU.ActiveCfg = Release|Any CPU
		{00F876E6-7543-41B8-BA27-6C735D62F313}.Release|Any CPU.Build.0 = Release|Any CPU
		{27BCFEF5-1D0C-4A53-91DC-10346B4F8C85}.Debug|Any CPU.ActiveCfg = Debug|Any CPU
		{27BCFEF5-1D0C-4A53-91DC-10346B4F8C85}.Debug|Any CPU.Build.0 = Debug|Any CPU
		{27BCFEF5-1D0C-4A53-91DC-10346B4F8C85}.Release|Any CPU.ActiveCfg = Release|Any CPU
		{27BCFEF5-1D0C-4A53-91DC-10346B4F8C85}.Release|Any CPU.Build.0 = Release|Any CPU
		{C4225A13-287F-405A-B629-6A4A8E65EEDB}.Debug|Any CPU.ActiveCfg = Debug|Any CPU
		{C4225A13-287F-405A-B629-6A4A8E65EEDB}.Debug|Any CPU.Build.0 = Debug|Any CPU
		{C4225A13-287F-405A-B629-6A4A8E65EEDB}.Release|Any CPU.ActiveCfg = Release|Any CPU
		{C4225A13-287F-405A-B629-6A4A8E65EEDB}.Release|Any CPU.Build.0 = Release|Any CPU
		{A7DA234F-6F09-49C5-B645-E4EF4E8F5D6C}.Debug|Any CPU.ActiveCfg = Debug|Any CPU
		{A7DA234F-6F09-49C5-B645-E4EF4E8F5D6C}.Debug|Any CPU.Build.0 = Debug|Any CPU
		{A7DA234F-6F09-49C5-B645-E4EF4E8F5D6C}.Release|Any CPU.ActiveCfg = Release|Any CPU
		{A7DA234F-6F09-49C5-B645-E4EF4E8F5D6C}.Release|Any CPU.Build.0 = Release|Any CPU
		{BC186B02-A846-4CFD-9229-7CD86BDC03DF}.Debug|Any CPU.ActiveCfg = Debug|Any CPU
		{BC186B02-A846-4CFD-9229-7CD86BDC03DF}.Debug|Any CPU.Build.0 = Debug|Any CPU
		{BC186B02-A846-4CFD-9229-7CD86BDC03DF}.Release|Any CPU.ActiveCfg = Release|Any CPU
		{BC186B02-A846-4CFD-9229-7CD86BDC03DF}.Release|Any CPU.Build.0 = Release|Any CPU
		{DE3A7A02-E3E7-4161-A79B-4187B782D98B}.Debug|Any CPU.ActiveCfg = Debug|Any CPU
		{DE3A7A02-E3E7-4161-A79B-4187B782D98B}.Debug|Any CPU.Build.0 = Debug|Any CPU
		{DE3A7A02-E3E7-4161-A79B-4187B782D98B}.Release|Any CPU.ActiveCfg = Release|Any CPU
		{DE3A7A02-E3E7-4161-A79B-4187B782D98B}.Release|Any CPU.Build.0 = Release|Any CPU
		{2E318661-6900-450A-B4E7-B56407007A27}.Debug|Any CPU.ActiveCfg = Debug|Any CPU
		{2E318661-6900-450A-B4E7-B56407007A27}.Debug|Any CPU.Build.0 = Debug|Any CPU
		{2E318661-6900-450A-B4E7-B56407007A27}.Release|Any CPU.ActiveCfg = Release|Any CPU
		{2E318661-6900-450A-B4E7-B56407007A27}.Release|Any CPU.Build.0 = Release|Any CPU
		{5410A133-81C0-474D-9D1F-77CCFCBB9F19}.Debug|Any CPU.ActiveCfg = Debug|Any CPU
		{5410A133-81C0-474D-9D1F-77CCFCBB9F19}.Debug|Any CPU.Build.0 = Debug|Any CPU
		{5410A133-81C0-474D-9D1F-77CCFCBB9F19}.Release|Any CPU.ActiveCfg = Release|Any CPU
		{5410A133-81C0-474D-9D1F-77CCFCBB9F19}.Release|Any CPU.Build.0 = Release|Any CPU
		{BA0DE861-0F58-40EB-A945-CB945CB86593}.Debug|Any CPU.ActiveCfg = Debug|Any CPU
		{BA0DE861-0F58-40EB-A945-CB945CB86593}.Debug|Any CPU.Build.0 = Debug|Any CPU
		{BA0DE861-0F58-40EB-A945-CB945CB86593}.Release|Any CPU.ActiveCfg = Release|Any CPU
		{BA0DE861-0F58-40EB-A945-CB945CB86593}.Release|Any CPU.Build.0 = Release|Any CPU
		{E8EB9BF6-87E9-4192-87ED-D9205EB845DA}.Debug|Any CPU.ActiveCfg = Debug|Any CPU
		{E8EB9BF6-87E9-4192-87ED-D9205EB845DA}.Debug|Any CPU.Build.0 = Debug|Any CPU
		{E8EB9BF6-87E9-4192-87ED-D9205EB845DA}.Release|Any CPU.ActiveCfg = Release|Any CPU
		{E8EB9BF6-87E9-4192-87ED-D9205EB845DA}.Release|Any CPU.Build.0 = Release|Any CPU
		{44E57330-DD7D-40AF-AA11-F52C79372BD1}.Debug|Any CPU.ActiveCfg = Debug|Any CPU
		{44E57330-DD7D-40AF-AA11-F52C79372BD1}.Debug|Any CPU.Build.0 = Debug|Any CPU
		{44E57330-DD7D-40AF-AA11-F52C79372BD1}.Release|Any CPU.ActiveCfg = Release|Any CPU
		{44E57330-DD7D-40AF-AA11-F52C79372BD1}.Release|Any CPU.Build.0 = Release|Any CPU
		{7C8268B1-3683-476F-8700-87F516BCD0F6}.Debug|Any CPU.ActiveCfg = Debug|Any CPU
		{7C8268B1-3683-476F-8700-87F516BCD0F6}.Debug|Any CPU.Build.0 = Debug|Any CPU
		{7C8268B1-3683-476F-8700-87F516BCD0F6}.Release|Any CPU.ActiveCfg = Release|Any CPU
		{7C8268B1-3683-476F-8700-87F516BCD0F6}.Release|Any CPU.Build.0 = Release|Any CPU
		{78EBD63D-1876-49A7-994C-B05D2B415DBC}.Debug|Any CPU.ActiveCfg = Debug|Any CPU
		{78EBD63D-1876-49A7-994C-B05D2B415DBC}.Debug|Any CPU.Build.0 = Debug|Any CPU
		{78EBD63D-1876-49A7-994C-B05D2B415DBC}.Release|Any CPU.ActiveCfg = Release|Any CPU
		{78EBD63D-1876-49A7-994C-B05D2B415DBC}.Release|Any CPU.Build.0 = Release|Any CPU
		{6127B12C-8E48-459E-B5FA-ABEFCC4F2E10}.Debug|Any CPU.ActiveCfg = Debug|Any CPU
		{6127B12C-8E48-459E-B5FA-ABEFCC4F2E10}.Debug|Any CPU.Build.0 = Debug|Any CPU
		{6127B12C-8E48-459E-B5FA-ABEFCC4F2E10}.Release|Any CPU.ActiveCfg = Release|Any CPU
		{6127B12C-8E48-459E-B5FA-ABEFCC4F2E10}.Release|Any CPU.Build.0 = Release|Any CPU
	EndGlobalSection
	GlobalSection(SolutionProperties) = preSolution
		HideSolutionNode = FALSE
	EndGlobalSection
	GlobalSection(NestedProjects) = preSolution
		{B38559D4-B6F6-460E-A581-7D5D8AD319D1} = {5A430868-A55B-4EAD-A80A-FA030CE54C7E}
		{C9322B43-9D54-4B16-97F8-5E07F4B3B346} = {5A430868-A55B-4EAD-A80A-FA030CE54C7E}
		{59480A54-E096-42B6-A814-F494C6C50DF7} = {B38559D4-B6F6-460E-A581-7D5D8AD319D1}
		{749A106C-BC12-4F8D-9932-420150DC8C10} = {B38559D4-B6F6-460E-A581-7D5D8AD319D1}
		{94C248A0-833C-4A29-A4AE-4E283F6C43E1} = {B38559D4-B6F6-460E-A581-7D5D8AD319D1}
		{B4FB1DE6-D2CD-4752-AD48-AC48D1008119} = {B38559D4-B6F6-460E-A581-7D5D8AD319D1}
		{1BEC6999-5A6F-4441-AC2F-16D272B1C167} = {C9322B43-9D54-4B16-97F8-5E07F4B3B346}
		{59651B06-CE27-411B-ABE3-725B4961FF23} = {C9322B43-9D54-4B16-97F8-5E07F4B3B346}
		{00F876E6-7543-41B8-BA27-6C735D62F313} = {C9322B43-9D54-4B16-97F8-5E07F4B3B346}
		{27BCFEF5-1D0C-4A53-91DC-10346B4F8C85} = {C9322B43-9D54-4B16-97F8-5E07F4B3B346}
		{FDA47E74-BD56-4253-A796-11B34BA7A349} = {5A430868-A55B-4EAD-A80A-FA030CE54C7E}
		{B8EB1C92-479E-47AA-9436-15F4E38CF092} = {5A430868-A55B-4EAD-A80A-FA030CE54C7E}
		{ED6BAA0E-9BC6-4D4C-B1F6-935E0C1E7943} = {5A430868-A55B-4EAD-A80A-FA030CE54C7E}
		{C4225A13-287F-405A-B629-6A4A8E65EEDB} = {FDA47E74-BD56-4253-A796-11B34BA7A349}
		{A7DA234F-6F09-49C5-B645-E4EF4E8F5D6C} = {FDA47E74-BD56-4253-A796-11B34BA7A349}
		{BC186B02-A846-4CFD-9229-7CD86BDC03DF} = {FDA47E74-BD56-4253-A796-11B34BA7A349}
		{DE3A7A02-E3E7-4161-A79B-4187B782D98B} = {FDA47E74-BD56-4253-A796-11B34BA7A349}
		{2E318661-6900-450A-B4E7-B56407007A27} = {ED6BAA0E-9BC6-4D4C-B1F6-935E0C1E7943}
		{5410A133-81C0-474D-9D1F-77CCFCBB9F19} = {ED6BAA0E-9BC6-4D4C-B1F6-935E0C1E7943}
		{BA0DE861-0F58-40EB-A945-CB945CB86593} = {ED6BAA0E-9BC6-4D4C-B1F6-935E0C1E7943}
		{E8EB9BF6-87E9-4192-87ED-D9205EB845DA} = {ED6BAA0E-9BC6-4D4C-B1F6-935E0C1E7943}
		{44E57330-DD7D-40AF-AA11-F52C79372BD1} = {B8EB1C92-479E-47AA-9436-15F4E38CF092}
		{7C8268B1-3683-476F-8700-87F516BCD0F6} = {B8EB1C92-479E-47AA-9436-15F4E38CF092}
		{78EBD63D-1876-49A7-994C-B05D2B415DBC} = {B8EB1C92-479E-47AA-9436-15F4E38CF092}
		{6127B12C-8E48-459E-B5FA-ABEFCC4F2E10} = {B8EB1C92-479E-47AA-9436-15F4E38CF092}
	EndGlobalSection
	GlobalSection(ExtensibilityGlobals) = postSolution
		SolutionGuid = {DE69FC84-027E-4C79-B136-06FF6DC426E7}
	EndGlobalSection
EndGlobal
